
Microsoft Visual Studio Solution File, Format Version 12.00
# Visual Studio Version 17
VisualStudioVersion = 17.0.31903.59
MinimumVisualStudioVersion = 10.0.40219.1
Project("{2150E333-8FDC-42A3-9474-1A3956D46DE8}") = "src", "src", "{EC0FB380-486B-4BB0-B292-4A279D6EB36A}"
EndProject
Project("{2150E333-8FDC-42A3-9474-1A3956D46DE8}") = "tests", "tests", "{E3D2AE1F-41D3-4C69-B925-BFBE4DB25776}"
EndProject
Project("{2150E333-8FDC-42A3-9474-1A3956D46DE8}") = "Core", "Core", "{3F053050-412B-454D-A353-A201E07F51B4}"
EndProject
Project("{2150E333-8FDC-42A3-9474-1A3956D46DE8}") = "Adapters", "Adapters", "{85B724BC-E444-43C5-9633-92A50B5A88F4}"
EndProject
Project("{FAE04EC0-301F-11D3-BF4B-00C04F79EFBC}") = "CLI", "src\Adapters\CLI\CLI.csproj", "{EB2005CD-BF8A-4B7C-B10D-30F1AADDBC11}"
EndProject
Project("{FAE04EC0-301F-11D3-BF4B-00C04F79EFBC}") = "Infrastructure", "src\Adapters\Infrastructure\Infrastructure.csproj", "{16E7C103-9529-45AE-B2E7-9BEED7412E80}"
EndProject
Project("{FAE04EC0-301F-11D3-BF4B-00C04F79EFBC}") = "Domain", "src\Core\Domain\Domain.csproj", "{3A151B72-0F3B-4AE3-B5AF-7E99437F3A7D}"
EndProject
Project("{FAE04EC0-301F-11D3-BF4B-00C04F79EFBC}") = "Application", "src\Core\Application\Application.csproj", "{60FB7312-122B-445F-8727-DB033BE6A0FE}"
EndProject
Project("{FAE04EC0-301F-11D3-BF4B-00C04F79EFBC}") = "E2E", "tests\E2E\E2E.csproj", "{BE5DA14D-80E5-410B-819A-55BF2CCE8602}"
EndProject
Project("{FAE04EC0-301F-11D3-BF4B-00C04F79EFBC}") = "Integration", "tests\Integration\Integration.csproj", "{8464F535-020D-4480-AE55-B66A5866D2E9}"
EndProject
Project("{FAE04EC0-301F-11D3-BF4B-00C04F79EFBC}") = "Unit", "tests\Unit\Unit.csproj", "{75E9A595-568F-456F-B7C9-F0A4B4F95B05}"
EndProject
Global
	GlobalSection(SolutionConfigurationPlatforms) = preSolution
		Debug|Any CPU = Debug|Any CPU
		Release|Any CPU = Release|Any CPU
	EndGlobalSection
	GlobalSection(SolutionProperties) = preSolution
		HideSolutionNode = FALSE
	EndGlobalSection
	GlobalSection(ProjectConfigurationPlatforms) = postSolution
		{EB2005CD-BF8A-4B7C-B10D-30F1AADDBC11}.Debug|Any CPU.ActiveCfg = Debug|Any CPU
		{EB2005CD-BF8A-4B7C-B10D-30F1AADDBC11}.Debug|Any CPU.Build.0 = Debug|Any CPU
		{EB2005CD-BF8A-4B7C-B10D-30F1AADDBC11}.Release|Any CPU.ActiveCfg = Release|Any CPU
		{EB2005CD-BF8A-4B7C-B10D-30F1AADDBC11}.Release|Any CPU.Build.0 = Release|Any CPU
		{16E7C103-9529-45AE-B2E7-9BEED7412E80}.Debug|Any CPU.ActiveCfg = Debug|Any CPU
		{16E7C103-9529-45AE-B2E7-9BEED7412E80}.Debug|Any CPU.Build.0 = Debug|Any CPU
		{16E7C103-9529-45AE-B2E7-9BEED7412E80}.Release|Any CPU.ActiveCfg = Release|Any CPU
		{16E7C103-9529-45AE-B2E7-9BEED7412E80}.Release|Any CPU.Build.0 = Release|Any CPU
		{3A151B72-0F3B-4AE3-B5AF-7E99437F3A7D}.Debug|Any CPU.ActiveCfg = Debug|Any CPU
		{3A151B72-0F3B-4AE3-B5AF-7E99437F3A7D}.Debug|Any CPU.Build.0 = Debug|Any CPU
		{3A151B72-0F3B-4AE3-B5AF-7E99437F3A7D}.Release|Any CPU.ActiveCfg = Release|Any CPU
		{3A151B72-0F3B-4AE3-B5AF-7E99437F3A7D}.Release|Any CPU.Build.0 = Release|Any CPU
		{60FB7312-122B-445F-8727-DB033BE6A0FE}.Debug|Any CPU.ActiveCfg = Debug|Any CPU
		{60FB7312-122B-445F-8727-DB033BE6A0FE}.Debug|Any CPU.Build.0 = Debug|Any CPU
		{60FB7312-122B-445F-8727-DB033BE6A0FE}.Release|Any CPU.ActiveCfg = Release|Any CPU
		{60FB7312-122B-445F-8727-DB033BE6A0FE}.Release|Any CPU.Build.0 = Release|Any CPU
		{BE5DA14D-80E5-410B-819A-55BF2CCE8602}.Debug|Any CPU.ActiveCfg = Debug|Any CPU
		{BE5DA14D-80E5-410B-819A-55BF2CCE8602}.Debug|Any CPU.Build.0 = Debug|Any CPU
		{BE5DA14D-80E5-410B-819A-55BF2CCE8602}.Release|Any CPU.ActiveCfg = Release|Any CPU
		{BE5DA14D-80E5-410B-819A-55BF2CCE8602}.Release|Any CPU.Build.0 = Release|Any CPU
		{8464F535-020D-4480-AE55-B66A5866D2E9}.Debug|Any CPU.ActiveCfg = Debug|Any CPU
		{8464F535-020D-4480-AE55-B66A5866D2E9}.Debug|Any CPU.Build.0 = Debug|Any CPU
		{8464F535-020D-4480-AE55-B66A5866D2E9}.Release|Any CPU.ActiveCfg = Release|Any CPU
		{8464F535-020D-4480-AE55-B66A5866D2E9}.Release|Any CPU.Build.0 = Release|Any CPU
		{75E9A595-568F-456F-B7C9-F0A4B4F95B05}.Debug|Any CPU.ActiveCfg = Debug|Any CPU
		{75E9A595-568F-456F-B7C9-F0A4B4F95B05}.Debug|Any CPU.Build.0 = Debug|Any CPU
		{75E9A595-568F-456F-B7C9-F0A4B4F95B05}.Release|Any CPU.ActiveCfg = Release|Any CPU
		{75E9A595-568F-456F-B7C9-F0A4B4F95B05}.Release|Any CPU.Build.0 = Release|Any CPU
	EndGlobalSection
	GlobalSection(NestedProjects) = preSolution
		{3F053050-412B-454D-A353-A201E07F51B4} = {EC0FB380-486B-4BB0-B292-4A279D6EB36A}
		{85B724BC-E444-43C5-9633-92A50B5A88F4} = {EC0FB380-486B-4BB0-B292-4A279D6EB36A}
		{EB2005CD-BF8A-4B7C-B10D-30F1AADDBC11} = {85B724BC-E444-43C5-9633-92A50B5A88F4}
		{16E7C103-9529-45AE-B2E7-9BEED7412E80} = {85B724BC-E444-43C5-9633-92A50B5A88F4}
		{3A151B72-0F3B-4AE3-B5AF-7E99437F3A7D} = {3F053050-412B-454D-A353-A201E07F51B4}
		{60FB7312-122B-445F-8727-DB033BE6A0FE} = {3F053050-412B-454D-A353-A201E07F51B4}
		{BE5DA14D-80E5-410B-819A-55BF2CCE8602} = {E3D2AE1F-41D3-4C69-B925-BFBE4DB25776}
		{8464F535-020D-4480-AE55-B66A5866D2E9} = {E3D2AE1F-41D3-4C69-B925-BFBE4DB25776}
		{75E9A595-568F-456F-B7C9-F0A4B4F95B05} = {E3D2AE1F-41D3-4C69-B925-BFBE4DB25776}
	EndGlobalSection
EndGlobal
